
Microsoft Visual Studio Solution File, Format Version 12.00
# Visual Studio Version 17
VisualStudioVersion = 17.13.35931.197 d17.13
MinimumVisualStudioVersion = 10.0.40219.1
Project("{FAE04EC0-301F-11D3-BF4B-00C04F79EFBC}") = "BibliotecaCurp", "BibliotecaCurp\BibliotecaCurp.csproj", "{712F946B-842F-4FBE-8B0C-7AA5551F8123}"
EndProject
Project("{FAE04EC0-301F-11D3-BF4B-00C04F79EFBC}") = "TestCurp", "TestCurp\TestCurp.csproj", "{BBC411CF-8FA9-4A08-A031-F498E4503C3B}"
EndProject
Global
	GlobalSection(SolutionConfigurationPlatforms) = preSolution
		Debug|Any CPU = Debug|Any CPU
		Release|Any CPU = Release|Any CPU
	EndGlobalSection
	GlobalSection(ProjectConfigurationPlatforms) = postSolution
		{712F946B-842F-4FBE-8B0C-7AA5551F8123}.Debug|Any CPU.ActiveCfg = Debug|Any CPU
		{712F946B-842F-4FBE-8B0C-7AA5551F8123}.Debug|Any CPU.Build.0 = Debug|Any CPU
		{712F946B-842F-4FBE-8B0C-7AA5551F8123}.Release|Any CPU.ActiveCfg = Release|Any CPU
		{712F946B-842F-4FBE-8B0C-7AA5551F8123}.Release|Any CPU.Build.0 = Release|Any CPU
		{BBC411CF-8FA9-4A08-A031-F498E4503C3B}.Debug|Any CPU.ActiveCfg = Debug|Any CPU
		{BBC411CF-8FA9-4A08-A031-F498E4503C3B}.Debug|Any CPU.Build.0 = Debug|Any CPU
		{BBC411CF-8FA9-4A08-A031-F498E4503C3B}.Release|Any CPU.ActiveCfg = Release|Any CPU
		{BBC411CF-8FA9-4A08-A031-F498E4503C3B}.Release|Any CPU.Build.0 = Release|Any CPU
	EndGlobalSection
	GlobalSection(SolutionProperties) = preSolution
		HideSolutionNode = FALSE
	EndGlobalSection
	GlobalSection(ExtensibilityGlobals) = postSolution
		SolutionGuid = {EB2F22FA-5B60-42B3-9CBB-D66EF92833F6}
	EndGlobalSection
EndGlobal
